
Microsoft Visual Studio Solution File, Format Version 12.00
# Visual Studio 15
VisualStudioVersion = 15.0.28307.271
MinimumVisualStudioVersion = 10.0.40219.1
Project("{F184B08F-C81C-45F6-A57F-5ABD9991F28F}") = "ObjectDataSourceInCode", "ObjectDataSourceInCode\ObjectDataSourceInCode.vbproj", "{A8040071-A06A-45AF-A3F9-A92A4B77518D}"
EndProject
Global
	GlobalSection(SolutionConfigurationPlatforms) = preSolution
		Debug|Any CPU = Debug|Any CPU
		Release|Any CPU = Release|Any CPU
	EndGlobalSection
	GlobalSection(ProjectConfigurationPlatforms) = postSolution
		{A8040071-A06A-45AF-A3F9-A92A4B77518D}.Debug|Any CPU.ActiveCfg = Debug|Any CPU
		{A8040071-A06A-45AF-A3F9-A92A4B77518D}.Debug|Any CPU.Build.0 = Debug|Any CPU
		{A8040071-A06A-45AF-A3F9-A92A4B77518D}.Release|Any CPU.ActiveCfg = Release|Any CPU
		{A8040071-A06A-45AF-A3F9-A92A4B77518D}.Release|Any CPU.Build.0 = Release|Any CPU
	EndGlobalSection
	GlobalSection(SolutionProperties) = preSolution
		HideSolutionNode = FALSE
	EndGlobalSection
	GlobalSection(ExtensibilityGlobals) = postSolution
		SolutionGuid = {C0A3F80A-7654-484B-A226-C14BE9F6C168}
	EndGlobalSection
EndGlobal
